{
    "_meta": {
        "hash": {
            "sha256": "c32de0a2f3d6d4ff220846bc952cd6627da566634f2db594adf33cbb54c9cb5c"
        },
        "pipfile-spec": 6,
        "requires": {
            "python_version": "3.6"
        },
        "sources": [
            {
                "name": "pypi",
                "url": "https://pypi.org/simple",
                "verify_ssl": true
            }
        ]
    },
    "default": {
        "appdirs": {
            "hashes": [
                "sha256:7d5d0167b2b1ba821647616af46a749d1c653740dd0d2415100fe26e27afdf41",
                "sha256:a841dacd6b99318a741b166adb07e19ee71a274450e68237b4650ca1055ab128"
            ],
            "version": "==1.4.4"
        },
        "asyncio": {
            "hashes": [
                "sha256:83360ff8bc97980e4ff25c964c7bd3923d333d177aa4f7fb736b019f26c7cb41",
                "sha256:b62c9157d36187eca799c378e572c969f0da87cd5fc42ca372d92cdb06e7e1de",
                "sha256:c46a87b48213d7464f22d9a497b9eef8c1928b68320a2fa94240f969f6fec08c",
                "sha256:c4d18b22701821de07bd6aea8b53d21449ec0ec5680645e5317062ea21817d2d"
            ],
            "index": "pypi",
            "version": "==3.4.3"
        },
        "beautifulsoup4": {
            "hashes": [
                "sha256:4c98143716ef1cb40bf7f39a8e3eec8f8b009509e74904ba3a7b315431577e35",
                "sha256:84729e322ad1d5b4d25f805bfa05b902dd96450f43842c4e99067d5e1369eb25",
                "sha256:fff47e031e34ec82bf17e00da8f592fe7de69aeea38be00523c04623c04fb666"
            ],
            "version": "==4.9.3"
        },
        "bs4": {
            "hashes": [
                "sha256:36ecea1fd7cc5c0c6e4a1ff075df26d50da647b75376626cc186e2212886dd3a"
            ],
            "version": "==0.0.1"
        },
        "certifi": {
            "hashes": [
                "sha256:5930595817496dd21bb8dc35dad090f1c2cd0adfaf21204bf6732ca5d8ee34d3",
                "sha256:8fc0819f1f30ba15bdb34cceffb9ef04d99f420f68eb75d901e9560b8749fc41"
            ],
            "version": "==2020.6.20"
        },
        "chardet": {
            "hashes": [
                "sha256:84ab92ed1c4d4f16916e05906b6b75a6c0fb5db821cc65e70cbd64a3e2a5eaae",
                "sha256:fc323ffcaeaed0e0a02bf4d117757b98aed530d9ed4531e3e15460124c106691"
            ],
            "index": "pypi",
            "version": "==3.0.4"
        },
        "click": {
            "hashes": [
                "sha256:d2b5255c7c6349bc1bd1e59e08cd12acbbd63ce649f2588755783aa94dfb6b1a",
                "sha256:dacca89f4bfadd5de3d7489b7c8a566eee0d3676333fbb50030263894c38c0dc"
            ],
            "markers": "python_version >= '2.7' and python_version not in '3.0, 3.1, 3.2, 3.3, 3.4'",
            "version": "==7.1.2"
        },
        "cssselect": {
            "hashes": [
                "sha256:f612ee47b749c877ebae5bb77035d8f4202c6ad0f0fc1271b3c18ad6c4468ecf",
                "sha256:f95f8dedd925fd8f54edb3d2dfb44c190d9d18512377d3c1e2388d16126879bc"
            ],
            "markers": "python_version >= '2.7' and python_version not in '3.0, 3.1, 3.2, 3.3'",
            "version": "==1.1.0"
        },
        "facebook-scraper": {
            "hashes": [
                "sha256:6d868bab8c98cb77c58ae58ace6fe800f9fbf86a07003bc417220fee3a80e95f",
                "sha256:7dd437d7321ea3f4879d0bb0fdf9a5f4531666e8dbab715b11967c5f474fd49c"
            ],
            "index": "pypi",
            "version": "==0.2.13"
        },
        "fake-useragent": {
            "hashes": [
                "sha256:c104998b750eb097eefc28ae28e92d66397598d2cf41a31aa45d5559ef1adf35"
            ],
            "version": "==0.1.11"
        },
        "feedfinder2": {
            "hashes": [
                "sha256:3701ee01a6c85f8b865a049c30ba0b4608858c803fe8e30d1d289fdbe89d0efe"
            ],
            "version": "==0.0.4"
        },
        "feedparser": {
            "hashes": [
                "sha256:1b00a105425f492f3954fd346e5b524ca9cef3a4bbf95b8809470e9857aa1074",
                "sha256:f596c4b34fb3e2dc7e6ac3a8191603841e8d5d267210064e94d4238737452ddd"
            ],
            "markers": "python_version >= '3.6'",
            "version": "==6.0.2"
        },
        "filelock": {
            "hashes": [
                "sha256:18d82244ee114f543149c66a6e0c14e9c4f8a1044b5cdaadd0f82159d6a6ff59",
                "sha256:929b7d63ec5b7d6b71b0fa5ac14e030b3f70b75747cef1b10da9b879fef15836"
            ],
            "version": "==3.0.12"
        },
        "geographiclib": {
            "hashes": [
                "sha256:12bd46ee7ec25b291ea139b17aa991e7ef373e21abd053949b75c0e9ca55c632",
                "sha256:51cfa698e7183792bce27d8fb63ac8e83689cd8170a730bf35e1a5c5bf8849b9"
            ],
            "version": "==1.50"
        },
        "geograpy3": {
            "hashes": [
                "sha256:3ddedf6bfe512080259142e5b69003ed575f682b8b27a2461f5dc2fdeab2e808",
                "sha256:54ba46c3f832a339cde7233e867226942f10ea356428ad2f4ca33beed548aa16"
            ],
            "index": "pypi",
            "version": "==0.1.24"
        },
        "geograpy4": {
            "hashes": [
                "sha256:ef6c3a7139b2f3bfde029bfbbf50bc02c7eba9e58c0b7459e2adf384b8123740"
            ],
            "index": "pypi",
            "version": "==1.0.2"
        },
        "geopy": {
            "hashes": [
                "sha256:b88e189f0d2e0051da45b6311d5b2ced59afaf1378eb27ebb57eaf37c166a03b",
                "sha256:fdc596bab67d9f4828f43bf9e97c4e0a1d1518b7c2357485cef0e1c3cf470220"
            ],
            "markers": "python_version >= '3.5'",
            "version": "==2.0.0"
        },
        "html2text": {
            "hashes": [
                "sha256:c7c629882da0cf377d66f073329ccf34a12ed2adf0169b9285ae4e63ef54c82b",
                "sha256:e296318e16b059ddb97f7a8a1d6a5c1d7af4544049a01e261731d2d5cc277bbb"
            ],
            "markers": "python_version >= '3.5'",
            "version": "==2020.1.16"
        },
        "idna": {
            "hashes": [
                "sha256:b307872f855b18632ce0c21c5e45be78c0ea7ae4c15c828c20788b26921eb3f6",
                "sha256:b97d804b1e9b523befed77c48dacec60e6dcb0b5391d57af6a65a312a90648c0"
            ],
            "markers": "python_version >= '2.7' and python_version not in '3.0, 3.1, 3.2, 3.3'",
            "version": "==2.10"
        },
        "isodate": {
            "hashes": [
                "sha256:2e364a3d5759479cdb2d37cce6b9376ea504db2ff90252a2e5b7cc89cc9ff2d8",
                "sha256:aa4d33c06640f5352aca96e4b81afd8ab3b47337cc12089822d6f322ac772c81"
            ],
            "version": "==0.6.0"
        },
        "jellyfish": {
            "hashes": [
                "sha256:2490726dda6603fad0090f7afa2b33718ac03011b6807658b8cdbf512a798e89",
                "sha256:288727bac0cef5817640d1d0d3655dabb9906d1f7b3e31eb1bd0b005bdf0eaf2",
                "sha256:4213dda17b75e09b4a5bac48b7dd2602cf54304af49fd6236d3539f49f614e8a",
                "sha256:a499741401512d05bbd3556e448e960bc908eba3879fb73d450e8e91566a030b",
                "sha256:f5c7fd1b02edf86135ed005ba8715ed9496d268e3d77e6428445689a441c4c64"
            ],
            "markers": "python_version >= '3.5'",
            "version": "==0.8.2"
        },
        "jieba3k": {
            "hashes": [
                "sha256:980a4f2636b778d312518066be90c7697d410dd5a472385f5afced71a2db1c10"
            ],
            "version": "==0.35.1"
        },
        "joblib": {
            "hashes": [
                "sha256:698c311779f347cf6b7e6b8a39bb682277b8ee4aba8cf9507bc0cf4cd4737b72",
                "sha256:9e284edd6be6b71883a63c9b7f124738a3c16195513ad940eae7e3438de885d5"
            ],
            "markers": "python_version >= '3.6'",
            "version": "==0.17.0"
        },
        "lxml": {
            "hashes": [
                "sha256:0e89f5d422988c65e6936e4ec0fe54d6f73f3128c80eb7ecc3b87f595523607b",
                "sha256:189ad47203e846a7a4951c17694d845b6ade7917c47c64b29b86526eefc3adf5",
                "sha256:1d87936cb5801c557f3e981c9c193861264c01209cb3ad0964a16310ca1b3301",
                "sha256:211b3bcf5da70c2d4b84d09232534ad1d78320762e2c59dedc73bf01cb1fc45b",
                "sha256:2358809cc64394617f2719147a58ae26dac9e21bae772b45cfb80baa26bfca5d",
                "sha256:23c83112b4dada0b75789d73f949dbb4e8f29a0a3511647024a398ebd023347b",
                "sha256:24e811118aab6abe3ce23ff0d7d38932329c513f9cef849d3ee88b0f848f2aa9",
                "sha256:2d5896ddf5389560257bbe89317ca7bcb4e54a02b53a3e572e1ce4226512b51b",
                "sha256:2d6571c48328be4304aee031d2d5046cbc8aed5740c654575613c5a4f5a11311",
                "sha256:2e311a10f3e85250910a615fe194839a04a0f6bc4e8e5bb5cac221344e3a7891",
                "sha256:302160eb6e9764168e01d8c9ec6becddeb87776e81d3fcb0d97954dd51d48e0a",
                "sha256:3a7a380bfecc551cfd67d6e8ad9faa91289173bdf12e9cfafbd2bdec0d7b1ec1",
                "sha256:3d9b2b72eb0dbbdb0e276403873ecfae870599c83ba22cadff2db58541e72856",
                "sha256:475325e037fdf068e0c2140b818518cf6bc4aa72435c407a798b2db9f8e90810",
                "sha256:4b7572145054330c8e324a72d808c8c8fbe12be33368db28c39a255ad5f7fb51",
                "sha256:4fff34721b628cce9eb4538cf9a73d02e0f3da4f35a515773cce6f5fe413b360",
                "sha256:56eff8c6fb7bc4bcca395fdff494c52712b7a57486e4fbde34c31bb9da4c6cc4",
                "sha256:573b2f5496c7e9f4985de70b9bbb4719ffd293d5565513e04ac20e42e6e5583f",
                "sha256:7ecaef52fd9b9535ae5f01a1dd2651f6608e4ec9dc136fc4dfe7ebe3c3ddb230",
                "sha256:803a80d72d1f693aa448566be46ffd70882d1ad8fc689a2e22afe63035eb998a",
                "sha256:8862d1c2c020cb7a03b421a9a7b4fe046a208db30994fc8ff68c627a7915987f",
                "sha256:9b06690224258db5cd39a84e993882a6874676f5de582da57f3df3a82ead9174",
                "sha256:a71400b90b3599eb7bf241f947932e18a066907bf84617d80817998cee81e4bf",
                "sha256:bb252f802f91f59767dcc559744e91efa9df532240a502befd874b54571417bd",
                "sha256:be1ebf9cc25ab5399501c9046a7dcdaa9e911802ed0e12b7d620cd4bbf0518b3",
                "sha256:be7c65e34d1b50ab7093b90427cbc488260e4b3a38ef2435d65b62e9fa3d798a",
                "sha256:c0dac835c1a22621ffa5e5f999d57359c790c52bbd1c687fe514ae6924f65ef5",
                "sha256:c152b2e93b639d1f36ec5a8ca24cde4a8eefb2b6b83668fcd8e83a67badcb367",
                "sha256:d182eada8ea0de61a45a526aa0ae4bcd222f9673424e65315c35820291ff299c",
                "sha256:d18331ea905a41ae71596502bd4c9a2998902328bbabd29e3d0f5f8569fabad1",
                "sha256:d20d32cbb31d731def4b1502294ca2ee99f9249b63bc80e03e67e8f8e126dea8",
                "sha256:d4ad7fd3269281cb471ad6c7bafca372e69789540d16e3755dd717e9e5c9d82f",
                "sha256:d6f8c23f65a4bfe4300b85f1f40f6c32569822d08901db3b6454ab785d9117cc",
                "sha256:d84d741c6e35c9f3e7406cb7c4c2e08474c2a6441d59322a00dcae65aac6315d",
                "sha256:e65c221b2115a91035b55a593b6eb94aa1206fa3ab374f47c6dc10d364583ff9",
                "sha256:f98b6f256be6cec8dd308a8563976ddaff0bdc18b730720f6f4bee927ffe926f"
            ],
            "markers": "python_version >= '2.7' and python_version not in '3.0, 3.1, 3.2, 3.3, 3.4'",
            "version": "==4.6.1"
        },
        "nest-asyncio": {
            "hashes": [
                "sha256:c2d3bdc76ba235a7ad215128afe31d74a320d25790c50cd94685ec5ea221b94d",
                "sha256:c614fcfaca72b1f04778bc0e73f49c84500b3d045c49d149fc46f1566643c175"
            ],
            "index": "pypi",
            "version": "==1.4.2"
        },
        "newspaper3k": {
            "hashes": [
                "sha256:44a864222633d3081113d1030615991c3dbba87239f6bbf59d91240f71a22e3e",
                "sha256:9f1bd3e1fb48f400c715abf875cc7b0a67b7ddcd87f50c9aeeb8fcbbbd9004fb"
            ],
            "version": "==0.2.8"
        },
        "nltk": {
            "hashes": [
                "sha256:845365449cd8c5f9731f7cb9f8bd6fd0767553b9d53af9eb1b3abf7700936b35"
            ],
            "version": "==3.5"
        },
        "numpy": {
            "hashes": [
                "sha256:0ee77786eebbfa37f2141fd106b549d37c89207a0d01d8852fde1c82e9bfc0e7",
                "sha256:199bebc296bd8a5fc31c16f256ac873dd4d5b4928dfd50e6c4995570fc71a8f3",
                "sha256:1a307bdd3dd444b1d0daa356b5f4c7de2e24d63bdc33ea13ff718b8ec4c6a268",
                "sha256:1ea7e859f16e72ab81ef20aae69216cfea870676347510da9244805ff9670170",
                "sha256:271139653e8b7a046d11a78c0d33bafbddd5c443a5b9119618d0652a4eb3a09f",
                "sha256:35bf5316af8dc7c7db1ad45bec603e5fb28671beb98ebd1d65e8059efcfd3b72",
                "sha256:463792a249a81b9eb2b63676347f996d3f0082c2666fd0604f4180d2e5445996",
                "sha256:50d3513469acf5b2c0406e822d3f314d7ac5788c2b438c24e5dd54d5a81ef522",
                "sha256:50f68ebc439821b826823a8da6caa79cd080dee2a6d5ab9f1163465a060495ed",
                "sha256:51e8d2ae7c7e985c7bebf218e56f72fa93c900ad0c8a7d9fbbbf362f45710f69",
                "sha256:522053b731e11329dd52d258ddf7de5288cae7418b55e4b7d32f0b7e31787e9d",
                "sha256:5ea4401ada0d3988c263df85feb33818dc995abc85b8125f6ccb762009e7bc68",
                "sha256:604d2e5a31482a3ad2c88206efd43d6fcf666ada1f3188fd779b4917e49b7a98",
                "sha256:6ff88bcf1872b79002569c63fe26cd2cda614e573c553c4d5b814fb5eb3d2822",
                "sha256:7197ee0a25629ed782c7bd01871ee40702ffeef35bc48004bc2fdcc71e29ba9d",
                "sha256:741d95eb2b505bb7a99fbf4be05fa69f466e240c2b4f2d3ddead4f1b5f82a5a5",
                "sha256:83af653bb92d1e248ccf5fdb05ccc934c14b936bcfe9b917dc180d3f00250ac6",
                "sha256:8802d23e4895e0c65e418abe67cdf518aa5cbb976d97f42fd591f921d6dffad0",
                "sha256:8edc4d687a74d0a5f8b9b26532e860f4f85f56c400b3a98899fc44acb5e27add",
                "sha256:942d2cdcb362739908c26ce8dd88db6e139d3fa829dd7452dd9ff02cba6b58b2",
                "sha256:9a0669787ba8c9d3bb5de5d9429208882fb47764aa79123af25c5edc4f5966b9",
                "sha256:9d08d84bb4128abb9fbd9f073e5c69f70e5dab991a9c42e5b4081ea5b01b5db0",
                "sha256:9f7f56b5e85b08774939622b7d45a5d00ff511466522c44fc0756ac7692c00f2",
                "sha256:a2daea1cba83210c620e359de2861316f49cc7aea8e9a6979d6cb2ddab6dda8c",
                "sha256:b9074d062d30c2779d8af587924f178a539edde5285d961d2dfbecbac9c4c931",
                "sha256:c4aa79993f5d856765819a3651117520e41ac3f89c3fc1cb6dee11aa562df6da",
                "sha256:d78294f1c20f366cde8a75167f822538a7252b6e8b9d6dbfb3bdab34e7c1929e",
                "sha256:dfdc8b53aa9838b9d44ed785431ca47aa3efaa51d0d5dd9c412ab5247151a7c4",
                "sha256:dffed17848e8b968d8d3692604e61881aa6ef1f8074c99e81647ac84f6038535",
                "sha256:e080087148fd70469aade2abfeadee194357defd759f9b59b349c6192aba994c",
                "sha256:e983cbabe10a8989333684c98fdc5dd2f28b236216981e0c26ed359aaa676772",
                "sha256:ea6171d2d8d648dee717457d0f75db49ad8c2f13100680e284d7becf3dc311a6",
                "sha256:eefc13863bf01583a85e8c1121a901cc7cb8f059b960c4eba30901e2e6aba95f",
                "sha256:efd656893171bbf1331beca4ec9f2e74358fc732a2084f664fd149cc4b3441d2"
            ],
            "markers": "python_version >= '3.6'",
            "version": "==1.19.3"
        },
        "pafy": {
            "hashes": [
                "sha256:364f1d1312c89582d97dc7225cf6858cde27cb11dfd64a9c2bab1a2f32133b1e",
                "sha256:769e35aa6988686d47fa2ab235d15c9952c7873c470f6a6b05cf6bcd93e62515"
            ],
            "index": "pypi",
            "version": "==0.5.5"
        },
        "parse": {
            "hashes": [
                "sha256:91666032d6723dc5905248417ef0dc9e4c51df9526aaeef271eacad6491f06a4"
            ],
            "version": "==1.18.0"
        },
        "pillow": {
            "hashes": [
                "sha256:006de60d7580d81f4a1a7e9f0173dc90a932e3905cc4d47ea909bc946302311a",
                "sha256:0a2e8d03787ec7ad71dc18aec9367c946ef8ef50e1e78c71f743bc3a770f9fae",
                "sha256:0eeeae397e5a79dc088d8297a4c2c6f901f8fb30db47795113a4a605d0f1e5ce",
                "sha256:11c5c6e9b02c9dac08af04f093eb5a2f84857df70a7d4a6a6ad461aca803fb9e",
                "sha256:2fb113757a369a6cdb189f8df3226e995acfed0a8919a72416626af1a0a71140",
                "sha256:4b0ef2470c4979e345e4e0cc1bbac65fda11d0d7b789dbac035e4c6ce3f98adb",
                "sha256:59e903ca800c8cfd1ebe482349ec7c35687b95e98cefae213e271c8c7fffa021",
                "sha256:5abd653a23c35d980b332bc0431d39663b1709d64142e3652890df4c9b6970f6",
                "sha256:5f9403af9c790cc18411ea398a6950ee2def2a830ad0cfe6dc9122e6d528b302",
                "sha256:6b4a8fd632b4ebee28282a9fef4c341835a1aa8671e2770b6f89adc8e8c2703c",
                "sha256:6c1aca8231625115104a06e4389fcd9ec88f0c9befbabd80dc206c35561be271",
                "sha256:795e91a60f291e75de2e20e6bdd67770f793c8605b553cb6e4387ce0cb302e09",
                "sha256:7ba0ba61252ab23052e642abdb17fd08fdcfdbbf3b74c969a30c58ac1ade7cd3",
                "sha256:7c9401e68730d6c4245b8e361d3d13e1035cbc94db86b49dc7da8bec235d0015",
                "sha256:81f812d8f5e8a09b246515fac141e9d10113229bc33ea073fec11403b016bcf3",
                "sha256:895d54c0ddc78a478c80f9c438579ac15f3e27bf442c2a9aa74d41d0e4d12544",
                "sha256:8de332053707c80963b589b22f8e0229f1be1f3ca862a932c1bcd48dafb18dd8",
                "sha256:92c882b70a40c79de9f5294dc99390671e07fc0b0113d472cbea3fde15db1792",
                "sha256:95edb1ed513e68bddc2aee3de66ceaf743590bf16c023fb9977adc4be15bd3f0",
                "sha256:b63d4ff734263ae4ce6593798bcfee6dbfb00523c82753a3a03cbc05555a9cc3",
                "sha256:bd7bf289e05470b1bc74889d1466d9ad4a56d201f24397557b6f65c24a6844b8",
                "sha256:cc3ea6b23954da84dbee8025c616040d9aa5eaf34ea6895a0a762ee9d3e12e11",
                "sha256:cc9ec588c6ef3a1325fa032ec14d97b7309db493782ea8c304666fb10c3bd9a7",
                "sha256:d3d07c86d4efa1facdf32aa878bd508c0dc4f87c48125cc16b937baa4e5b5e11",
                "sha256:d8a96747df78cda35980905bf26e72960cba6d355ace4780d4bdde3b217cdf1e",
                "sha256:e38d58d9138ef972fceb7aeec4be02e3f01d383723965bfcef14d174c8ccd039",
                "sha256:eb472586374dc66b31e36e14720747595c2b265ae962987261f044e5cce644b5",
                "sha256:fbd922f702582cb0d71ef94442bfca57624352622d75e3be7a1e7e9360b07e72"
            ],
            "markers": "python_version >= '3.6'",
            "version": "==8.0.1"
        },
        "pycountry": {
            "hashes": [
                "sha256:81084a53d3454344c0292deebc20fcd0a1488c136d4900312cbd465cf552cb42"
            ],
            "version": "==20.7.3"
        },
        "pyee": {
            "hashes": [
                "sha256:0667fd696f55ffdf9f2646fa60557b4eeae1a427315d3938b614ee40755d18b6",
                "sha256:15c6bcc14de2c2b3d8ee8923283fca182bcfab4155975a5165c66fc4bf44b680"
            ],
            "version": "==7.0.4"
        },
        "pylodstorage": {
            "hashes": [
                "sha256:38e62af8c29dfa45a6e4af4b78bc21e789acc2d63f9888673103672f1eb54111",
                "sha256:f5f68bc1d42aa51ac39600bd5dc93031efdbf897f7ce632296e5542a412fabd6"
            ],
            "version": "==0.0.18"
        },
        "pyparsing": {
            "hashes": [
                "sha256:c203ec8783bf771a155b207279b9bccb8dea02d8f0c9e5f8ead507bc3246ecc1",
                "sha256:ef9d7589ef3c200abe66653d3f1ab1033c3c419ae9b9bdb1240a85b024efc88b"
            ],
            "markers": "python_version >= '2.6' and python_version not in '3.0, 3.1, 3.2, 3.3'",
            "version": "==2.4.7"
        },
        "pyppeteer": {
            "hashes": [
                "sha256:153c62666fe1d55b3941d1634733c02cafb47188fcf282987371e863d58f22e9",
                "sha256:27d1f1a54e233428b4de3489d516db7d4805f67442bb77a7718cc04d7a40debb"
            ],
            "markers": "python_full_version >= '3.6.1' and python_full_version < '4.0.0'",
            "version": "==0.2.2"
        },
        "pyquery": {
            "hashes": [
                "sha256:710eac327b87f15f74a95c3378c6ba62ef6fcfb0a6d009a7d33349c9f7e65835",
                "sha256:8fcf77c72e3d602ce10a0bd4e65f57f0945c18e15627e49130c27172d4939d98"
            ],
            "version": "==1.4.1"
        },
        "python-dateutil": {
            "hashes": [
                "sha256:73ebfe9dbf22e832286dafa60473e4cd239f8592f699aa5adaf10050e6e1823c",
                "sha256:75bb3f31ea686f1197762692a9ee6a7550b59fc6ca3a1f4b5d7e32fb98e2da2a"
            ],
            "markers": "python_version >= '2.7' and python_version not in '3.0, 3.1, 3.2, 3.3'",
            "version": "==2.8.1"
        },
        "pyyaml": {
            "hashes": [
                "sha256:06a0d7ba600ce0b2d2fe2e78453a470b5a6e000a985dd4a4e54e436cc36b0e97",
                "sha256:240097ff019d7c70a4922b6869d8a86407758333f02203e0fc6ff79c5dcede76",
                "sha256:4f4b913ca1a7319b33cfb1369e91e50354d6f07a135f3b901aca02aa95940bd2",
                "sha256:69f00dca373f240f842b2931fb2c7e14ddbacd1397d57157a9b005a6a9942648",
                "sha256:73f099454b799e05e5ab51423c7bcf361c58d3206fa7b0d555426b1f4d9a3eaf",
                "sha256:74809a57b329d6cc0fdccee6318f44b9b8649961fa73144a98735b0aaf029f1f",
                "sha256:7739fc0fa8205b3ee8808aea45e968bc90082c10aef6ea95e855e10abf4a37b2",
                "sha256:95f71d2af0ff4227885f7a6605c37fd53d3a106fcab511b8860ecca9fcf400ee",
                "sha256:b8eac752c5e14d3eca0e6dd9199cd627518cb5ec06add0de9d32baeee6fe645d",
                "sha256:cc8955cfbfc7a115fa81d85284ee61147059a753344bc51098f3ccd69b0d7e0c",
                "sha256:d13155f591e6fcc1ec3b30685d50bf0711574e2c0dfffd7644babf8b5102ca1a"
            ],
            "version": "==5.3.1"
        },
        "rdflib": {
            "hashes": [
                "sha256:78149dd49d385efec3b3adfbd61c87afaf1281c30d3fcaf1b323b34f603fb155",
                "sha256:88208ea971a87886d60ae2b1a4b2cdc263527af0454c422118d43fe64b357877"
            ],
            "version": "==5.0.0"
        },
        "regex": {
            "hashes": [
                "sha256:03855ee22980c3e4863dc84c42d6d2901133362db5daf4c36b710dd895d78f0a",
                "sha256:06b52815d4ad38d6524666e0d50fe9173533c9cc145a5779b89733284e6f688f",
                "sha256:11116d424734fe356d8777f89d625f0df783251ada95d6261b4c36ad27a394bb",
                "sha256:119e0355dbdd4cf593b17f2fc5dbd4aec2b8899d0057e4957ba92f941f704bf5",
                "sha256:1ec66700a10e3c75f1f92cbde36cca0d3aaee4c73dfa26699495a3a30b09093c",
                "sha256:2dc522e25e57e88b4980d2bdd334825dbf6fa55f28a922fc3bfa60cc09e5ef53",
                "sha256:3a5f08039eee9ea195a89e180c5762bfb55258bfb9abb61a20d3abee3b37fd12",
                "sha256:49461446b783945597c4076aea3f49aee4b4ce922bd241e4fcf62a3e7c61794c",
                "sha256:4afa350f162551cf402bfa3cd8302165c8e03e689c897d185f16a167328cc6dd",
                "sha256:4b5a9bcb56cc146c3932c648603b24514447eafa6ce9295234767bf92f69b504",
                "sha256:625116aca6c4b57c56ea3d70369cacc4d62fead4930f8329d242e4fe7a58ce4b",
                "sha256:654c1635f2313d0843028487db2191530bca45af61ca85d0b16555c399625b0e",
                "sha256:8092a5a06ad9a7a247f2a76ace121183dc4e1a84c259cf9c2ce3bbb69fac3582",
                "sha256:832339223b9ce56b7b15168e691ae654d345ac1635eeb367ade9ecfe0e66bee0",
                "sha256:8ca9dca965bd86ea3631b975d63b0693566d3cc347e55786d5514988b6f5b84c",
                "sha256:a62162be05edf64f819925ea88d09d18b09bebf20971b363ce0c24e8b4aa14c0",
                "sha256:b88fa3b8a3469f22b4f13d045d9bd3eda797aa4e406fde0a2644bc92bbdd4bdd",
                "sha256:c13d311a4c4a8d671f5860317eb5f09591fbe8259676b86a85769423b544451e",
                "sha256:c2c6c56ee97485a127555c9595c069201b5161de9d05495fbe2132b5ac104786",
                "sha256:c3466a84fce42c2016113101018a9981804097bacbab029c2d5b4fcb224b89de",
                "sha256:c8a2b7ccff330ae4c460aff36626f911f918555660cc28163417cb84ffb25789",
                "sha256:cb905f3d2e290a8b8f1579d3984f2cfa7c3a29cc7cba608540ceeed18513f520",
                "sha256:cfcf28ed4ce9ced47b9b9670a4f0d3d3c0e4d4779ad4dadb1ad468b097f808aa",
                "sha256:dd3e6547ecf842a29cf25123fbf8d2461c53c8d37aa20d87ecee130c89b7079b",
                "sha256:ea37320877d56a7f0a1e6a625d892cf963aa7f570013499f5b8d5ab8402b5625",
                "sha256:f1fce1e4929157b2afeb4bb7069204d4370bab9f4fc03ca1fbec8bd601f8c87d",
                "sha256:f43109822df2d3faac7aad79613f5f02e4eab0fc8ad7932d2e70e2a83bd49c26"
            ],
            "version": "==2020.10.28"
        },
        "requests": {
            "hashes": [
                "sha256:b3559a131db72c33ee969480840fff4bb6dd111de7dd27c8ee1f820f4f00231b",
                "sha256:fe75cc94a9443b9246fc7049224f75604b113c36acb93f87b80ed42c44cbb898"
            ],
            "markers": "python_version >= '2.7' and python_version not in '3.0, 3.1, 3.2, 3.3, 3.4'",
            "version": "==2.24.0"
        },
        "requests-file": {
            "hashes": [
                "sha256:07d74208d3389d01c38ab89ef403af0cfec63957d53a0081d8eca738d0247d8e",
                "sha256:dfe5dae75c12481f68ba353183c53a65e6044c923e64c24b2209f6c7570ca953"
            ],
            "version": "==1.5.1"
        },
        "requests-html": {
            "hashes": [
                "sha256:7e929ecfed95fb1d0994bb368295d6d7c4d06b03fcb900c33d7d0b17e6003947",
                "sha256:cb8a78cf829c4eca9d6233f28524f65dd2bfaafb4bdbbc407f0a0b8f487df6e2"
            ],
            "index": "pypi",
            "version": "==0.10.0"
        },
        "sgmllib3k": {
            "hashes": [
                "sha256:7868fb1c8bfa764c1ac563d3cf369c381d1325d36124933a726f29fcdaa812e9"
            ],
            "version": "==1.0.0"
        },
        "six": {
            "hashes": [
                "sha256:30639c035cdb23534cd4aa2dd52c3bf48f06e5f4a941509c8bafd8ce11080259",
                "sha256:8b74bedcbbbaca38ff6d7491d76f2b06b3592611af620f8426e82dddb04a5ced"
            ],
            "markers": "python_version >= '2.7' and python_version not in '3.0, 3.1, 3.2, 3.3'",
            "version": "==1.15.0"
        },
        "soupsieve": {
            "hashes": [
                "sha256:1634eea42ab371d3d346309b93df7870a88610f0725d47528be902a0d95ecc55",
                "sha256:a59dc181727e95d25f781f0eb4fd1825ff45590ec8ff49eadfd7f1a537cc0232"
            ],
            "markers": "python_version >= '3.0'",
            "version": "==2.0.1"
        },
        "sparqlwrapper": {
            "hashes": [
                "sha256:17ec44b08b8ae2888c801066249f74fe328eec25d90203ce7eadaf82e64484c7",
                "sha256:357ee8a27bc910ea13d77836dbddd0b914991495b8cc1bf70676578155e962a8",
                "sha256:8cf6c21126ed76edc85c5c232fd6f77b9f61f8ad1db90a7147cdde2104aff145",
                "sha256:c7f9c9d8ebb13428771bc3b6dee54197422507dcc3dea34e30d5dcfc53478dec",
                "sha256:d6a66b5b8cda141660e07aeb00472db077a98d22cb588c973209c7336850fb3c"
            ],
            "version": "==1.8.5"
        },
        "tinysegmenter": {
            "hashes": [
                "sha256:ed1f6d2e806a4758a73be589754384cbadadc7e1a414c81a166fc9adf2d40c6d"
            ],
            "version": "==0.3"
        },
        "tldextract": {
            "hashes": [
                "sha256:d2762b1aa2a36857df8420d63c2c31706e4924da8773439a543365d38459afd8",
                "sha256:f188eab8c90ff935f3fa49d9228049cd7f37fb47105c3f15f8e6dd6f6e25924a"
            ],
            "markers": "python_version >= '3.5'",
            "version": "==3.0.2"
        },
        "tqdm": {
            "hashes": [
                "sha256:9ad44aaf0fc3697c06f6e05c7cf025dd66bc7bcb7613c66d85f4464c47ac8fad",
                "sha256:ef54779f1c09f346b2b5a8e5c61f96fbcb639929e640e59f8cf810794f406432"
            ],
            "markers": "python_version >= '2.6' and python_version not in '3.0, 3.1, 3.2, 3.3'",
            "version": "==4.51.0"
        },
        "urllib3": {
            "hashes": [
                "sha256:8d7eaa5a82a1cac232164990f04874c594c9453ec55eef02eab885aa02fc17a2",
                "sha256:f5321fbe4bf3fefa0efd0bfe7fb14e90909eb62a48ccda331726b4319897dd5e"
            ],
            "markers": "python_version >= '2.7' and python_version not in '3.0, 3.1, 3.2, 3.3, 3.4' and python_version < '4'",
            "version": "==1.25.11"
        },
        "w3lib": {
            "hashes": [
                "sha256:0161d55537063e00d95a241663ede3395c4c6d7b777972ba2fd58bbab2001e53",
                "sha256:0ad6d0203157d61149fd45aaed2e24f53902989c32fc1dccc2e2bfba371560df"
            ],
            "version": "==1.22.0"
        },
        "websockets": {
            "hashes": [
                "sha256:0e4fb4de42701340bd2353bb2eee45314651caa6ccee80dbd5f5d5978888fed5",
                "sha256:1d3f1bf059d04a4e0eb4985a887d49195e15ebabc42364f4eb564b1d065793f5",
                "sha256:20891f0dddade307ffddf593c733a3fdb6b83e6f9eef85908113e628fa5a8308",
                "sha256:295359a2cc78736737dd88c343cd0747546b2174b5e1adc223824bcaf3e164cb",
                "sha256:2db62a9142e88535038a6bcfea70ef9447696ea77891aebb730a333a51ed559a",
                "sha256:3762791ab8b38948f0c4d281c8b2ddfa99b7e510e46bd8dfa942a5fff621068c",
                "sha256:3db87421956f1b0779a7564915875ba774295cc86e81bc671631379371af1170",
                "sha256:3ef56fcc7b1ff90de46ccd5a687bbd13a3180132268c4254fc0fa44ecf4fc422",
                "sha256:4f9f7d28ce1d8f1295717c2c25b732c2bc0645db3215cf757551c392177d7cb8",
                "sha256:5c01fd846263a75bc8a2b9542606927cfad57e7282965d96b93c387622487485",
                "sha256:5c65d2da8c6bce0fca2528f69f44b2f977e06954c8512a952222cea50dad430f",
                "sha256:751a556205d8245ff94aeef23546a1113b1dd4f6e4d102ded66c39b99c2ce6c8",
                "sha256:7ff46d441db78241f4c6c27b3868c9ae71473fe03341340d2dfdbe8d79310acc",
                "sha256:965889d9f0e2a75edd81a07592d0ced54daa5b0785f57dc429c378edbcffe779",
                "sha256:9b248ba3dd8a03b1a10b19efe7d4f7fa41d158fdaa95e2cf65af5a7b95a4f989",
                "sha256:9bef37ee224e104a413f0780e29adb3e514a5b698aabe0d969a6ba426b8435d1",
                "sha256:c1ec8db4fac31850286b7cd3b9c0e1b944204668b8eb721674916d4e28744092",
                "sha256:c8a116feafdb1f84607cb3b14aa1418424ae71fee131642fc568d21423b51824",
                "sha256:ce85b06a10fc65e6143518b96d3dca27b081a740bae261c2fb20375801a9d56d",
                "sha256:d705f8aeecdf3262379644e4b55107a3b55860eb812b673b28d0fbc347a60c55",
                "sha256:e898a0863421650f0bebac8ba40840fc02258ef4714cb7e1fd76b6a6354bda36",
                "sha256:f8a7bff6e8664afc4e6c28b983845c5bc14965030e3fb98789734d416af77c4b"
            ],
            "markers": "python_full_version >= '3.6.1'",
            "version": "==8.1"
        },
        "youtube-dl": {
            "hashes": [
                "sha256:b73379d6b08f03aec49a1899affe4cfd35bb92002dbdb3a3a1435a5811d4f120",
                "sha256:bc86fae4923b9cdc34d3397ddc0bc0e9d81b4cfbd16f537f97efa5499070456f"
            ],
            "index": "pypi",
            "version": "==2020.11.1.1"
        }
    },
    "develop": {}
}
